
Microsoft Visual Studio Solution File, Format Version 12.00
Project("{2150E333-8FDC-42A3-9474-1A3956D46DE8}") = "src", "src", "{177DA48D-8306-4102-918D-992569878581}"
EndProject
Project("{FAE04EC0-301F-11D3-BF4B-00C04F79EFBC}") = "Jailbreak", "src\Jailbreak\Jailbreak.csproj", "{9135CCC9-66C5-4A9C-AE3C-91475B5F0437}"
EndProject
Project("{2150E333-8FDC-42A3-9474-1A3956D46DE8}") = "public", "public", "{59311734-3648-43C2-B43C-385718B0D103}"
EndProject
Project("{FAE04EC0-301F-11D3-BF4B-00C04F79EFBC}") = "Jailbreak.Public", "public\Jailbreak.Public\Jailbreak.Public.csproj", "{51AF228F-27F2-4225-A387-FDEAD123FAC2}"
EndProject
Project("{2150E333-8FDC-42A3-9474-1A3956D46DE8}") = "mod", "mod", "{36BA84C0-291C-4930-A7C6-97CDF8F7F0D7}"
EndProject
Project("{FAE04EC0-301F-11D3-BF4B-00C04F79EFBC}") = "Jailbreak.Warden", "mod\Jailbreak.Warden\Jailbreak.Warden.csproj", "{E73417E7-D397-415B-B96F-BF43DAC511B8}"
EndProject
Project("{FAE04EC0-301F-11D3-BF4B-00C04F79EFBC}") = "Jailbreak.Generic", "src\Jailbreak.Generic\Jailbreak.Generic.csproj", "{1D9CC1AC-4ABC-41A3-8CC7-6FB17E864C3F}"
EndProject
Project("{FAE04EC0-301F-11D3-BF4B-00C04F79EFBC}") = "Jailbreak.Formatting", "public\Jailbreak.Formatting\Jailbreak.Formatting.csproj", "{446E0B6F-E4FE-45E6-BD9B-BD943698327A}"
EndProject
Project("{2150E333-8FDC-42A3-9474-1A3956D46DE8}") = "lang", "lang", "{CDCDE44E-01D2-4B76-99DA-A57E1E956038}"
EndProject
Project("{FAE04EC0-301F-11D3-BF4B-00C04F79EFBC}") = "Jailbreak.English", "lang\Jailbreak.English\Jailbreak.English.csproj", "{FC2D6F50-BCFF-41E6-A965-6C73CC01C3BF}"
EndProject
Project("{FAE04EC0-301F-11D3-BF4B-00C04F79EFBC}") = "Jailbreak.Rebel", "mod\Jailbreak.Rebel\Jailbreak.Rebel.csproj", "{CB2391A1-6CDD-496F-B8D6-674FD6268038}"
EndProject
Project("{FAE04EC0-301F-11D3-BF4B-00C04F79EFBC}") = "Jailbreak.Logs", "mod\Jailbreak.Logs\Jailbreak.Logs.csproj", "{CE6EC648-E7F9-4CE7-B28F-8C7995830F35}"
EndProject
Project("{FAE04EC0-301F-11D3-BF4B-00C04F79EFBC}") = "Jailbreak.Debug", "mod\Jailbreak.Debug\Jailbreak.Debug.csproj", "{4F10E2B5-E8BB-4253-9BE6-9187575ADB13}"
EndProject
Project("{FAE04EC0-301F-11D3-BF4B-00C04F79EFBC}") = "Jailbreak.LastRequest", "mod\Jailbreak.LastRequest\Jailbreak.LastRequest.csproj", "{D8952626-7B8D-4ABB-A3AE-FC81C688787B}"
EndProject
Project("{FAE04EC0-301F-11D3-BF4B-00C04F79EFBC}") = "Jailbreak.Mute", "mod\Jailbreak.Mute\Jailbreak.Mute.csproj", "{C9F050A5-5B08-4F48-98F5-B5792A217DB0}"
EndProject
Project("{FAE04EC0-301F-11D3-BF4B-00C04F79EFBC}") = "Jailbreak.LastGuard", "mod\Jailbreak.LastGuard\Jailbreak.LastGuard.csproj", "{B77E4011-E07F-4BDA-A34F-99DADF0BD276}"
EndProject
Project("{FAE04EC0-301F-11D3-BF4B-00C04F79EFBC}") = "Jailbreak.Tag", "public\Jailbreak.Tag\Jailbreak.Tag.csproj", "{AC6B0150-07C5-4A39-8D89-C52F7B8665B6}"
EndProject
Project("{FAE04EC0-301F-11D3-BF4B-00C04F79EFBC}") = "Jailbreak.Validator", "public\Jailbreak.Validator\Jailbreak.Validator.csproj", "{79B7496B-116D-4B87-BBBE-46DD19A9BFEB}"
EndProject
Project("{FAE04EC0-301F-11D3-BF4B-00C04F79EFBC}") = "Jailbreak.SpecialDay", "mod\Jailbreak.SpecialDay\Jailbreak.SpecialDay.csproj", "{A6249693-5B7E-4E14-A675-C292914F10F3}"
EndProject
Project("{FAE04EC0-301F-11D3-BF4B-00C04F79EFBC}") = "Jailbreak.Zones", "mod\Jailbreak.Zones\Jailbreak.Zones.csproj", "{C93A626A-BB44-4309-8DAD-4B28B2941870}"
EndProject
Project("{FAE04EC0-301F-11D3-BF4B-00C04F79EFBC}") = "Jailbreak.Trail", "mod\Jailbreak.Trail\Jailbreak.Trail.csproj", "{91F4EC7A-993A-4CA0-84C3-9F1100124A9C}"
EndProject
Project("{FAE04EC0-301F-11D3-BF4B-00C04F79EFBC}") = "Jailbreak.RTD", "mod\Jailbreak.RTD\Jailbreak.RTD.csproj", "{C68D4760-7E1E-4633-995A-5EC1EF40E63B}"
EndProject
Project("{FAE04EC0-301F-11D3-BF4B-00C04F79EFBC}") = "Gangs.BombIconPerk", "mod\Gangs.BombIconPerk\Gangs.BombIconPerk.csproj", "{80F8E8F7-6976-414D-AFC0-17E1E3ABD746}"
EndProject
Project("{FAE04EC0-301F-11D3-BF4B-00C04F79EFBC}") = "Gangs.BaseImpl", "mod\Gangs.BaseImpl\Gangs.BaseImpl.csproj", "{4035945A-80FA-49E7-A9BF-069FEA3213E5}"
EndProject
Project("{FAE04EC0-301F-11D3-BF4B-00C04F79EFBC}") = "Gangs.Boostrap", "mod\Gangs.Boostrap\Gangs.Boostrap.csproj", "{214E54DB-DD70-4B61-BFFC-596C2717E333}"
EndProject
Project("{2150E333-8FDC-42A3-9474-1A3956D46DE8}") = "Gangs", "Gangs", "{069A4F54-AE2A-4FDF-A5A8-F550B254C2A9}"
EndProject
Project("{FAE04EC0-301F-11D3-BF4B-00C04F79EFBC}") = "Gangs.SpecialDayColorPerk", "mod\Gangs.SpecialDayColorPerk\Gangs.SpecialDayColorPerk.csproj", "{17AD9AA2-6014-47E3-B39D-4C9942C619DD}"
EndProject
Project("{FAE04EC0-301F-11D3-BF4B-00C04F79EFBC}") = "Gangs.CellsPerk", "mod\Gangs.CellsPerk\Gangs.CellsPerk.csproj", "{80371FCD-61C9-4A4A-94F0-D74662270821}"
EndProject
Project("{FAE04EC0-301F-11D3-BF4B-00C04F79EFBC}") = "Gangs.LastRequestColorPerk", "mod\Gangs.LastRequestColorPerk\Gangs.LastRequestColorPerk.csproj", "{D1CEDF10-A87E-4C81-85AE-D491739CA607}"
EndProject
Global
	GlobalSection(SolutionConfigurationPlatforms) = preSolution
		Debug|Any CPU = Debug|Any CPU
		Release|Any CPU = Release|Any CPU
	EndGlobalSection
	GlobalSection(ProjectConfigurationPlatforms) = postSolution
		{9135CCC9-66C5-4A9C-AE3C-91475B5F0437}.Debug|Any CPU.ActiveCfg = Debug|Any CPU
		{9135CCC9-66C5-4A9C-AE3C-91475B5F0437}.Debug|Any CPU.Build.0 = Debug|Any CPU
		{9135CCC9-66C5-4A9C-AE3C-91475B5F0437}.Release|Any CPU.ActiveCfg = Release|Any CPU
		{9135CCC9-66C5-4A9C-AE3C-91475B5F0437}.Release|Any CPU.Build.0 = Release|Any CPU
		{51AF228F-27F2-4225-A387-FDEAD123FAC2}.Debug|Any CPU.ActiveCfg = Debug|Any CPU
		{51AF228F-27F2-4225-A387-FDEAD123FAC2}.Debug|Any CPU.Build.0 = Debug|Any CPU
		{51AF228F-27F2-4225-A387-FDEAD123FAC2}.Release|Any CPU.ActiveCfg = Release|Any CPU
		{51AF228F-27F2-4225-A387-FDEAD123FAC2}.Release|Any CPU.Build.0 = Release|Any CPU
		{E73417E7-D397-415B-B96F-BF43DAC511B8}.Debug|Any CPU.ActiveCfg = Debug|Any CPU
		{E73417E7-D397-415B-B96F-BF43DAC511B8}.Debug|Any CPU.Build.0 = Debug|Any CPU
		{E73417E7-D397-415B-B96F-BF43DAC511B8}.Release|Any CPU.ActiveCfg = Release|Any CPU
		{E73417E7-D397-415B-B96F-BF43DAC511B8}.Release|Any CPU.Build.0 = Release|Any CPU
		{1D9CC1AC-4ABC-41A3-8CC7-6FB17E864C3F}.Debug|Any CPU.ActiveCfg = Debug|Any CPU
		{1D9CC1AC-4ABC-41A3-8CC7-6FB17E864C3F}.Debug|Any CPU.Build.0 = Debug|Any CPU
		{1D9CC1AC-4ABC-41A3-8CC7-6FB17E864C3F}.Release|Any CPU.ActiveCfg = Release|Any CPU
		{1D9CC1AC-4ABC-41A3-8CC7-6FB17E864C3F}.Release|Any CPU.Build.0 = Release|Any CPU
		{446E0B6F-E4FE-45E6-BD9B-BD943698327A}.Debug|Any CPU.ActiveCfg = Debug|Any CPU
		{446E0B6F-E4FE-45E6-BD9B-BD943698327A}.Debug|Any CPU.Build.0 = Debug|Any CPU
		{446E0B6F-E4FE-45E6-BD9B-BD943698327A}.Release|Any CPU.ActiveCfg = Release|Any CPU
		{446E0B6F-E4FE-45E6-BD9B-BD943698327A}.Release|Any CPU.Build.0 = Release|Any CPU
		{FC2D6F50-BCFF-41E6-A965-6C73CC01C3BF}.Debug|Any CPU.ActiveCfg = Debug|Any CPU
		{FC2D6F50-BCFF-41E6-A965-6C73CC01C3BF}.Debug|Any CPU.Build.0 = Debug|Any CPU
		{FC2D6F50-BCFF-41E6-A965-6C73CC01C3BF}.Release|Any CPU.ActiveCfg = Release|Any CPU
		{FC2D6F50-BCFF-41E6-A965-6C73CC01C3BF}.Release|Any CPU.Build.0 = Release|Any CPU
		{CB2391A1-6CDD-496F-B8D6-674FD6268038}.Debug|Any CPU.ActiveCfg = Debug|Any CPU
		{CB2391A1-6CDD-496F-B8D6-674FD6268038}.Debug|Any CPU.Build.0 = Debug|Any CPU
		{CB2391A1-6CDD-496F-B8D6-674FD6268038}.Release|Any CPU.ActiveCfg = Release|Any CPU
		{CB2391A1-6CDD-496F-B8D6-674FD6268038}.Release|Any CPU.Build.0 = Release|Any CPU
		{CE6EC648-E7F9-4CE7-B28F-8C7995830F35}.Debug|Any CPU.ActiveCfg = Debug|Any CPU
		{CE6EC648-E7F9-4CE7-B28F-8C7995830F35}.Debug|Any CPU.Build.0 = Debug|Any CPU
		{CE6EC648-E7F9-4CE7-B28F-8C7995830F35}.Release|Any CPU.ActiveCfg = Release|Any CPU
		{CE6EC648-E7F9-4CE7-B28F-8C7995830F35}.Release|Any CPU.Build.0 = Release|Any CPU
		{4F10E2B5-E8BB-4253-9BE6-9187575ADB13}.Debug|Any CPU.ActiveCfg = Debug|Any CPU
		{4F10E2B5-E8BB-4253-9BE6-9187575ADB13}.Debug|Any CPU.Build.0 = Debug|Any CPU
		{4F10E2B5-E8BB-4253-9BE6-9187575ADB13}.Release|Any CPU.ActiveCfg = Release|Any CPU
		{4F10E2B5-E8BB-4253-9BE6-9187575ADB13}.Release|Any CPU.Build.0 = Release|Any CPU
		{D8952626-7B8D-4ABB-A3AE-FC81C688787B}.Debug|Any CPU.ActiveCfg = Debug|Any CPU
		{D8952626-7B8D-4ABB-A3AE-FC81C688787B}.Debug|Any CPU.Build.0 = Debug|Any CPU
		{D8952626-7B8D-4ABB-A3AE-FC81C688787B}.Release|Any CPU.ActiveCfg = Release|Any CPU
		{D8952626-7B8D-4ABB-A3AE-FC81C688787B}.Release|Any CPU.Build.0 = Release|Any CPU
		{C9F050A5-5B08-4F48-98F5-B5792A217DB0}.Debug|Any CPU.ActiveCfg = Debug|Any CPU
		{C9F050A5-5B08-4F48-98F5-B5792A217DB0}.Debug|Any CPU.Build.0 = Debug|Any CPU
		{C9F050A5-5B08-4F48-98F5-B5792A217DB0}.Release|Any CPU.ActiveCfg = Release|Any CPU
		{C9F050A5-5B08-4F48-98F5-B5792A217DB0}.Release|Any CPU.Build.0 = Release|Any CPU
		{B77E4011-E07F-4BDA-A34F-99DADF0BD276}.Debug|Any CPU.ActiveCfg = Debug|Any CPU
		{B77E4011-E07F-4BDA-A34F-99DADF0BD276}.Debug|Any CPU.Build.0 = Debug|Any CPU
		{B77E4011-E07F-4BDA-A34F-99DADF0BD276}.Release|Any CPU.ActiveCfg = Release|Any CPU
		{B77E4011-E07F-4BDA-A34F-99DADF0BD276}.Release|Any CPU.Build.0 = Release|Any CPU
		{AC6B0150-07C5-4A39-8D89-C52F7B8665B6}.Debug|Any CPU.ActiveCfg = Debug|Any CPU
		{AC6B0150-07C5-4A39-8D89-C52F7B8665B6}.Debug|Any CPU.Build.0 = Debug|Any CPU
		{AC6B0150-07C5-4A39-8D89-C52F7B8665B6}.Release|Any CPU.ActiveCfg = Release|Any CPU
		{AC6B0150-07C5-4A39-8D89-C52F7B8665B6}.Release|Any CPU.Build.0 = Release|Any CPU
		{79B7496B-116D-4B87-BBBE-46DD19A9BFEB}.Debug|Any CPU.ActiveCfg = Debug|Any CPU
		{79B7496B-116D-4B87-BBBE-46DD19A9BFEB}.Debug|Any CPU.Build.0 = Debug|Any CPU
		{79B7496B-116D-4B87-BBBE-46DD19A9BFEB}.Release|Any CPU.ActiveCfg = Release|Any CPU
		{79B7496B-116D-4B87-BBBE-46DD19A9BFEB}.Release|Any CPU.Build.0 = Release|Any CPU
		{A6249693-5B7E-4E14-A675-C292914F10F3}.Debug|Any CPU.ActiveCfg = Debug|Any CPU
		{A6249693-5B7E-4E14-A675-C292914F10F3}.Debug|Any CPU.Build.0 = Debug|Any CPU
		{A6249693-5B7E-4E14-A675-C292914F10F3}.Release|Any CPU.ActiveCfg = Release|Any CPU
		{A6249693-5B7E-4E14-A675-C292914F10F3}.Release|Any CPU.Build.0 = Release|Any CPU
		{C93A626A-BB44-4309-8DAD-4B28B2941870}.Debug|Any CPU.ActiveCfg = Debug|Any CPU
		{C93A626A-BB44-4309-8DAD-4B28B2941870}.Debug|Any CPU.Build.0 = Debug|Any CPU
		{C93A626A-BB44-4309-8DAD-4B28B2941870}.Release|Any CPU.ActiveCfg = Release|Any CPU
		{C93A626A-BB44-4309-8DAD-4B28B2941870}.Release|Any CPU.Build.0 = Release|Any CPU
		{91F4EC7A-993A-4CA0-84C3-9F1100124A9C}.Debug|Any CPU.ActiveCfg = Debug|Any CPU
		{91F4EC7A-993A-4CA0-84C3-9F1100124A9C}.Debug|Any CPU.Build.0 = Debug|Any CPU
		{91F4EC7A-993A-4CA0-84C3-9F1100124A9C}.Release|Any CPU.ActiveCfg = Release|Any CPU
		{91F4EC7A-993A-4CA0-84C3-9F1100124A9C}.Release|Any CPU.Build.0 = Release|Any CPU
		{C68D4760-7E1E-4633-995A-5EC1EF40E63B}.Debug|Any CPU.ActiveCfg = Debug|Any CPU
		{C68D4760-7E1E-4633-995A-5EC1EF40E63B}.Debug|Any CPU.Build.0 = Debug|Any CPU
		{C68D4760-7E1E-4633-995A-5EC1EF40E63B}.Release|Any CPU.ActiveCfg = Release|Any CPU
		{C68D4760-7E1E-4633-995A-5EC1EF40E63B}.Release|Any CPU.Build.0 = Release|Any CPU
		{80F8E8F7-6976-414D-AFC0-17E1E3ABD746}.Debug|Any CPU.ActiveCfg = Debug|Any CPU
		{80F8E8F7-6976-414D-AFC0-17E1E3ABD746}.Debug|Any CPU.Build.0 = Debug|Any CPU
		{80F8E8F7-6976-414D-AFC0-17E1E3ABD746}.Release|Any CPU.ActiveCfg = Release|Any CPU
		{80F8E8F7-6976-414D-AFC0-17E1E3ABD746}.Release|Any CPU.Build.0 = Release|Any CPU
		{4035945A-80FA-49E7-A9BF-069FEA3213E5}.Debug|Any CPU.ActiveCfg = Debug|Any CPU
		{4035945A-80FA-49E7-A9BF-069FEA3213E5}.Debug|Any CPU.Build.0 = Debug|Any CPU
		{4035945A-80FA-49E7-A9BF-069FEA3213E5}.Release|Any CPU.ActiveCfg = Release|Any CPU
		{4035945A-80FA-49E7-A9BF-069FEA3213E5}.Release|Any CPU.Build.0 = Release|Any CPU
		{214E54DB-DD70-4B61-BFFC-596C2717E333}.Debug|Any CPU.ActiveCfg = Debug|Any CPU
		{214E54DB-DD70-4B61-BFFC-596C2717E333}.Debug|Any CPU.Build.0 = Debug|Any CPU
		{214E54DB-DD70-4B61-BFFC-596C2717E333}.Release|Any CPU.ActiveCfg = Release|Any CPU
		{214E54DB-DD70-4B61-BFFC-596C2717E333}.Release|Any CPU.Build.0 = Release|Any CPU
		{17AD9AA2-6014-47E3-B39D-4C9942C619DD}.Debug|Any CPU.ActiveCfg = Debug|Any CPU
		{17AD9AA2-6014-47E3-B39D-4C9942C619DD}.Debug|Any CPU.Build.0 = Debug|Any CPU
		{17AD9AA2-6014-47E3-B39D-4C9942C619DD}.Release|Any CPU.ActiveCfg = Release|Any CPU
		{17AD9AA2-6014-47E3-B39D-4C9942C619DD}.Release|Any CPU.Build.0 = Release|Any CPU
		{80371FCD-61C9-4A4A-94F0-D74662270821}.Debug|Any CPU.ActiveCfg = Debug|Any CPU
		{80371FCD-61C9-4A4A-94F0-D74662270821}.Debug|Any CPU.Build.0 = Debug|Any CPU
		{80371FCD-61C9-4A4A-94F0-D74662270821}.Release|Any CPU.ActiveCfg = Release|Any CPU
		{80371FCD-61C9-4A4A-94F0-D74662270821}.Release|Any CPU.Build.0 = Release|Any CPU
		{D1CEDF10-A87E-4C81-85AE-D491739CA607}.Debug|Any CPU.ActiveCfg = Debug|Any CPU
		{D1CEDF10-A87E-4C81-85AE-D491739CA607}.Debug|Any CPU.Build.0 = Debug|Any CPU
		{D1CEDF10-A87E-4C81-85AE-D491739CA607}.Release|Any CPU.ActiveCfg = Release|Any CPU
		{D1CEDF10-A87E-4C81-85AE-D491739CA607}.Release|Any CPU.Build.0 = Release|Any CPU
	EndGlobalSection
	GlobalSection(NestedProjects) = preSolution
		{9135CCC9-66C5-4A9C-AE3C-91475B5F0437} = {177DA48D-8306-4102-918D-992569878581}
		{51AF228F-27F2-4225-A387-FDEAD123FAC2} = {59311734-3648-43C2-B43C-385718B0D103}
		{E73417E7-D397-415B-B96F-BF43DAC511B8} = {36BA84C0-291C-4930-A7C6-97CDF8F7F0D7}
		{1D9CC1AC-4ABC-41A3-8CC7-6FB17E864C3F} = {177DA48D-8306-4102-918D-992569878581}
		{446E0B6F-E4FE-45E6-BD9B-BD943698327A} = {59311734-3648-43C2-B43C-385718B0D103}
		{FC2D6F50-BCFF-41E6-A965-6C73CC01C3BF} = {CDCDE44E-01D2-4B76-99DA-A57E1E956038}
		{CB2391A1-6CDD-496F-B8D6-674FD6268038} = {36BA84C0-291C-4930-A7C6-97CDF8F7F0D7}
		{CE6EC648-E7F9-4CE7-B28F-8C7995830F35} = {36BA84C0-291C-4930-A7C6-97CDF8F7F0D7}
		{4F10E2B5-E8BB-4253-9BE6-9187575ADB13} = {36BA84C0-291C-4930-A7C6-97CDF8F7F0D7}
		{D8952626-7B8D-4ABB-A3AE-FC81C688787B} = {36BA84C0-291C-4930-A7C6-97CDF8F7F0D7}
		{C9F050A5-5B08-4F48-98F5-B5792A217DB0} = {36BA84C0-291C-4930-A7C6-97CDF8F7F0D7}
		{B77E4011-E07F-4BDA-A34F-99DADF0BD276} = {36BA84C0-291C-4930-A7C6-97CDF8F7F0D7}
		{AC6B0150-07C5-4A39-8D89-C52F7B8665B6} = {59311734-3648-43C2-B43C-385718B0D103}
		{79B7496B-116D-4B87-BBBE-46DD19A9BFEB} = {59311734-3648-43C2-B43C-385718B0D103}
		{A6249693-5B7E-4E14-A675-C292914F10F3} = {36BA84C0-291C-4930-A7C6-97CDF8F7F0D7}
		{C93A626A-BB44-4309-8DAD-4B28B2941870} = {36BA84C0-291C-4930-A7C6-97CDF8F7F0D7}
		{91F4EC7A-993A-4CA0-84C3-9F1100124A9C} = {36BA84C0-291C-4930-A7C6-97CDF8F7F0D7}
		{C68D4760-7E1E-4633-995A-5EC1EF40E63B} = {36BA84C0-291C-4930-A7C6-97CDF8F7F0D7}
		{069A4F54-AE2A-4FDF-A5A8-F550B254C2A9} = {36BA84C0-291C-4930-A7C6-97CDF8F7F0D7}
		{4035945A-80FA-49E7-A9BF-069FEA3213E5} = {069A4F54-AE2A-4FDF-A5A8-F550B254C2A9}
		{80F8E8F7-6976-414D-AFC0-17E1E3ABD746} = {069A4F54-AE2A-4FDF-A5A8-F550B254C2A9}
		{214E54DB-DD70-4B61-BFFC-596C2717E333} = {069A4F54-AE2A-4FDF-A5A8-F550B254C2A9}
		{17AD9AA2-6014-47E3-B39D-4C9942C619DD} = {069A4F54-AE2A-4FDF-A5A8-F550B254C2A9}
		{80371FCD-61C9-4A4A-94F0-D74662270821} = {069A4F54-AE2A-4FDF-A5A8-F550B254C2A9}
		{D1CEDF10-A87E-4C81-85AE-D491739CA607} = {069A4F54-AE2A-4FDF-A5A8-F550B254C2A9}
	EndGlobalSection
EndGlobal
